// !$*UTF8*$!
{
	archiveVersion = 1;
	classes = {
	};
	objectVersion = 54;
	objects = {

/* Begin PBXBuildFile section */
		00E356F31AD99517003FC87E /* CoffeeShopTests.m in Sources */ = {isa = PBXBuildFile; fileRef = 00E356F21AD99517003FC87E /* CoffeeShopTests.m */; };
		0C80B921A6F3F58F76C31292 /* libPods-CoffeeShop.a in Frameworks */ = {isa = PBXBuildFile; fileRef = 5DCACB8F33CDC322A6C60F78 /* libPods-CoffeeShop.a */; };
		13B07FBC1A68108700A75B9A /* AppDelegate.mm in Sources */ = {isa = PBXBuildFile; fileRef = 13B07FB01A68108700A75B9A /* AppDelegate.mm */; };
		13B07FBF1A68108700A75B9A /* Images.xcassets in Resources */ = {isa = PBXBuildFile; fileRef = 13B07FB51A68108700A75B9A /* Images.xcassets */; };
		13B07FC11A68108700A75B9A /* main.m in Sources */ = {isa = PBXBuildFile; fileRef = 13B07FB71A68108700A75B9A /* main.m */; };
		7699B88040F8A987B510C191 /* libPods-CoffeeShop-CoffeeShopTests.a in Frameworks */ = {isa = PBXBuildFile; fileRef = 19F6CBCC0A4E27FBF8BF4A61 /* libPods-CoffeeShop-CoffeeShopTests.a */; };
		81AB9BB82411601600AC10FF /* LaunchScreen.storyboard in Resources */ = {isa = PBXBuildFile; fileRef = 81AB9BB72411601600AC10FF /* LaunchScreen.storyboard */; };
		5D3A7966340145CEBF7F9450 /* app_icons.ttf in Resources */ = {isa = PBXBuildFile; fileRef = FD94B01BE1744F32BE2162F6 /* app_icons.ttf */; };
		D255D1D2F143413F8E468B8C /* Poppins-Black.ttf in Resources */ = {isa = PBXBuildFile; fileRef = E949061C97FD48E48DF45600 /* Poppins-Black.ttf */; };
		EF3AB6968D794732A8109278 /* Poppins-Bold.ttf in Resources */ = {isa = PBXBuildFile; fileRef = A93AC8A07D534DBAA92C02AC /* Poppins-Bold.ttf */; };
		CE59390190EB4019BDA35C0B /* Poppins-ExtraBold.ttf in Resources */ = {isa = PBXBuildFile; fileRef = CA1C9D44B69C46D2B187F32E /* Poppins-ExtraBold.ttf */; };
		CB3366C9B4FD4AEBA81D8909 /* Poppins-ExtraLight.ttf in Resources */ = {isa = PBXBuildFile; fileRef = 33F7785D1E394635AD9ABED1 /* Poppins-ExtraLight.ttf */; };
		D6B7FABB4A14475AB8A8A90E /* Poppins-Light.ttf in Resources */ = {isa = PBXBuildFile; fileRef = 6294AB406E3C47BE85CD6EA2 /* Poppins-Light.ttf */; };
		440F0314E4734B4489F8B9D3 /* Poppins-Medium.ttf in Resources */ = {isa = PBXBuildFile; fileRef = 03647E39447F4FACAF013C53 /* Poppins-Medium.ttf */; };
		1C705A7E0F7341CDA0E8874F /* Poppins-Regular.ttf in Resources */ = {isa = PBXBuildFile; fileRef = 80109667B2AB457FB11F4160 /* Poppins-Regular.ttf */; };
		52D87460D9AA4EF3A622E1CD /* Poppins-SemiBold.ttf in Resources */ = {isa = PBXBuildFile; fileRef = 2D62FAEE47DD4B1F9F3F9913 /* Poppins-SemiBold.ttf */; };
		2220E65E17214E259D01F3C3 /* Poppins-Thin.ttf in Resources */ = {isa = PBXBuildFile; fileRef = A763988162404BD994F6A6D7 /* Poppins-Thin.ttf */; };
		6E1385B8EEFB4896A69C30B8 /* amazonpay.png in Resources */ = {isa = PBXBuildFile; fileRef = 8DBF9C121DE04398A31864F5 /* amazonpay.png */; };
		DA3334E68B284BC9B6163C1E /* applepay.png in Resources */ = {isa = PBXBuildFile; fileRef = 93CB9E39E30E4658A2EC2E4C /* applepay.png */; };
		E19397FE863544B183632CC0 /* avatar.png in Resources */ = {isa = PBXBuildFile; fileRef = 2DA10DDED43F4B1891EA5951 /* avatar.png */; };
		49CB672154E94F3CA4FB9F90 /* gpay.png in Resources */ = {isa = PBXBuildFile; fileRef = 05229742EACE4D5993363BEF /* gpay.png */; };
		F0824681D53D425698354486 /* americano_pic_1_portrait.png in Resources */ = {isa = PBXBuildFile; fileRef = F7212246496E4DEB88BDACC7 /* americano_pic_1_portrait.png */; };
		D6A4749076FE43809C2C8CB3 /* americano_pic_2_portrait.png in Resources */ = {isa = PBXBuildFile; fileRef = 8BD8582F6ED04BD6B610799C /* americano_pic_2_portrait.png */; };
		D5386732DA5446BDA485CD1C /* americano_pic_3_portrait.png in Resources */ = {isa = PBXBuildFile; fileRef = 2A8E9C3E9106474A8B29E79E /* americano_pic_3_portrait.png */; };
		ACF6DEA4416A422588DF8B77 /* americano_pic_1_square.png in Resources */ = {isa = PBXBuildFile; fileRef = ED66901DE26B4651BC8D6DD8 /* americano_pic_1_square.png */; };
		15412AB504D6426D86C52A25 /* americano_pic_2_square.png in Resources */ = {isa = PBXBuildFile; fileRef = 78A3DB257F224F62B0F105C3 /* americano_pic_2_square.png */; };
		8391FA0B946B4FF1A76A0287 /* americano_pic_3_square.png in Resources */ = {isa = PBXBuildFile; fileRef = 20D686727306421EAB76C1DA /* americano_pic_3_square.png */; };
		38A43D0818B5461F811AB13A /* arabica_coffee_beans_portrait.png in Resources */ = {isa = PBXBuildFile; fileRef = 6758992F78A444B98A40C188 /* arabica_coffee_beans_portrait.png */; };
		D03B29DA4D0F4ACC9FCDE7CE /* arabica_coffee_beans_square.png in Resources */ = {isa = PBXBuildFile; fileRef = 9D9A1B098CB54B5CB9BC75D3 /* arabica_coffee_beans_square.png */; };
		5E832C99B02B4139984FADB4 /* black_coffee_pic_1_portrait.png in Resources */ = {isa = PBXBuildFile; fileRef = 9E9F48AFD55B4C61B796F911 /* black_coffee_pic_1_portrait.png */; };
		698FA08D1DC148259FD2AAC4 /* black_coffee_pic_2_portrait.png in Resources */ = {isa = PBXBuildFile; fileRef = 6C935F09642F4AAABFEFC985 /* black_coffee_pic_2_portrait.png */; };
		D6082DAEE8DF4EB0944F6727 /* black_coffee_pic_3_portrait.png in Resources */ = {isa = PBXBuildFile; fileRef = ACBABAEC402F4EED904D39E7 /* black_coffee_pic_3_portrait.png */; };
		3E52BB94B5214ADBB4807F46 /* black_coffee_pic_1_square.png in Resources */ = {isa = PBXBuildFile; fileRef = 98D84838A07D46E080685891 /* black_coffee_pic_1_square.png */; };
		D2625D225EC34C01A9D9C4D3 /* black_coffee_pic_2_square.png in Resources */ = {isa = PBXBuildFile; fileRef = F99017B98F0545C18B4245EA /* black_coffee_pic_2_square.png */; };
		5C3B70AEE8CD455C95D23222 /* black_coffee_pic_3_square.png in Resources */ = {isa = PBXBuildFile; fileRef = C17AF77B7BE642B686036C2E /* black_coffee_pic_3_square.png */; };
		5C860F747B944D889A3D59F6 /* cappuccino_pic_1_portrait.png in Resources */ = {isa = PBXBuildFile; fileRef = AC735A8BEA354006AB9BB94E /* cappuccino_pic_1_portrait.png */; };
		CC333211BBBB42B482A14DE8 /* cappuccino_pic_2_portrait.png in Resources */ = {isa = PBXBuildFile; fileRef = 6533F5EC8C3C4ED490ABEEE6 /* cappuccino_pic_2_portrait.png */; };
		8EF31269C3C44C5BAB5FB0FC /* cappuccino_pic_3_portrait.png in Resources */ = {isa = PBXBuildFile; fileRef = 53671880A26E462BA7717BA0 /* cappuccino_pic_3_portrait.png */; };
		388165FA470A4664A566FFA5 /* cappuccino_pic_1_square.png in Resources */ = {isa = PBXBuildFile; fileRef = 67A327F8CA544D4181C82FBB /* cappuccino_pic_1_square.png */; };
		4F6FEA1112EC483F8CFA8B88 /* cappuccino_pic_2_square.png in Resources */ = {isa = PBXBuildFile; fileRef = F67A7A8B6E3544FCBFCB729B /* cappuccino_pic_2_square.png */; };
		528ACD9D0FDC4B56B5E3619C /* cappuccino_pic_3_square.png in Resources */ = {isa = PBXBuildFile; fileRef = 5A6A4CD7F489404AB46C015C /* cappuccino_pic_3_square.png */; };
		3436B8F43CFF4BC69471384F /* espresso_pic_1_portrait.png in Resources */ = {isa = PBXBuildFile; fileRef = 7668FE57B4A544AF91E5DB9E /* espresso_pic_1_portrait.png */; };
		A22C91BDFB024EBFAE9840DB /* espresso_pic_2_portrait.png in Resources */ = {isa = PBXBuildFile; fileRef = 8A6D78FF96AB42B5B4565084 /* espresso_pic_2_portrait.png */; };
		486F8E4C4A354445B93490A9 /* espresso_pic_3_portrait.png in Resources */ = {isa = PBXBuildFile; fileRef = EB2B399BC9644730ACFA02D5 /* espresso_pic_3_portrait.png */; };
		A6231CCAB328459795A211AA /* espresso_pic_1_square.png in Resources */ = {isa = PBXBuildFile; fileRef = 16417E7E7CE94185B123C509 /* espresso_pic_1_square.png */; };
		E038D01AAF0240B0B499B923 /* espresso_pic_2_square.png in Resources */ = {isa = PBXBuildFile; fileRef = 3D2BC537654641159187A21A /* espresso_pic_2_square.png */; };
		CDE660A279624857B4E1BD8E /* espresso_pic_3_square.png in Resources */ = {isa = PBXBuildFile; fileRef = F12BFD6FE5114B15AFD48FAD /* espresso_pic_3_square.png */; };
		84316A2035AB464BB6448E5A /* excelsa_coffee_beans_portrait.png in Resources */ = {isa = PBXBuildFile; fileRef = FC662666B585415A9E1F8AA7 /* excelsa_coffee_beans_portrait.png */; };
		C50FEF4445B641A38D5B95C3 /* excelsa_coffee_beans_square.png in Resources */ = {isa = PBXBuildFile; fileRef = 9DE0EF644DBA4670A083F988 /* excelsa_coffee_beans_square.png */; };
		FF25298A11E1447F8E63E76B /* latte_pic_1_portrait.png in Resources */ = {isa = PBXBuildFile; fileRef = AE6D48FC2CB648138A13B70E /* latte_pic_1_portrait.png */; };
		25D6E287CDE1461FAF6E33C2 /* latte_pic_2_portrait.png in Resources */ = {isa = PBXBuildFile; fileRef = FE7F7A0514FC40069C7B5D8F /* latte_pic_2_portrait.png */; };
		9385027D1CF04D6098DF079E /* latte_pic_3_portrait.png in Resources */ = {isa = PBXBuildFile; fileRef = 069CF00FE4614849BFEB2158 /* latte_pic_3_portrait.png */; };
		3C51B4347C5044ADAAFDCC8F /* latte_pic_1_square.png in Resources */ = {isa = PBXBuildFile; fileRef = 515B3811AA9C4A4493D6F840 /* latte_pic_1_square.png */; };
		1F0CF7DA78034E468EBC1B3D /* latte_pic_2_square.png in Resources */ = {isa = PBXBuildFile; fileRef = F9303BBE2EDB42D5B3603F71 /* latte_pic_2_square.png */; };
		5E1F6F5CFEC5478B8B6A6904 /* latte_pic_3_square.png in Resources */ = {isa = PBXBuildFile; fileRef = 407FA9A6350747BA9D327BBA /* latte_pic_3_square.png */; };
		A6446AB1F6B94A1EB71B5423 /* liberica_coffee_beans_portrait.png in Resources */ = {isa = PBXBuildFile; fileRef = F3E7B8344E9B433AA12D0266 /* liberica_coffee_beans_portrait.png */; };
		663FE94B5D754723A339EB1D /* liberica_coffee_beans_square.png in Resources */ = {isa = PBXBuildFile; fileRef = A6D1435ACC1F41E8856F3256 /* liberica_coffee_beans_square.png */; };
		34630A415EFB494EB4FFE0D8 /* macchiato_pic_1_portrait.png in Resources */ = {isa = PBXBuildFile; fileRef = 80EFCB9C38734435B8ECB0F0 /* macchiato_pic_1_portrait.png */; };
		AF30803FE8AB4D91B9E37F4F /* macchiato_pic_2_portrait.png in Resources */ = {isa = PBXBuildFile; fileRef = 0FBF7965FECE44CC9B5BC615 /* macchiato_pic_2_portrait.png */; };
		CDDBD4CE01A342EEBFBB0C9F /* macchiato_pic_3_portrait.png in Resources */ = {isa = PBXBuildFile; fileRef = C89226D38E9D41CDB61AD8CF /* macchiato_pic_3_portrait.png */; };
		BF3A7B2407EF4BC2B9EBF52F /* macchiato_pic_1_square.png in Resources */ = {isa = PBXBuildFile; fileRef = 9ADEEB584505404A85C3FB8B /* macchiato_pic_1_square.png */; };
		98E4883F0C5D4428B737E290 /* macchiato_pic_2_square.png in Resources */ = {isa = PBXBuildFile; fileRef = AA70952BA6BC4A60A196221D /* macchiato_pic_2_square.png */; };
		4EA64197D5954E5CAE387E7A /* macchiato_pic_3_square.png in Resources */ = {isa = PBXBuildFile; fileRef = B19315891F104A7AB232ED5B /* macchiato_pic_3_square.png */; };
		9EA6932E06CA40E79409B240 /* robusta_coffee_beans_portrait.png in Resources */ = {isa = PBXBuildFile; fileRef = D20A7BADCA8F49EDBEEB2D7C /* robusta_coffee_beans_portrait.png */; };
		86DCF296095645308D75E3D9 /* robusta_coffee_beans_square.png in Resources */ = {isa = PBXBuildFile; fileRef = D6577A369B8445F88089A5EC /* robusta_coffee_beans_square.png */; };
/* End PBXBuildFile section */

/* Begin PBXContainerItemProxy section */
		00E356F41AD99517003FC87E /* PBXContainerItemProxy */ = {
			isa = PBXContainerItemProxy;
			containerPortal = 83CBB9F71A601CBA00E9B192 /* Project object */;
			proxyType = 1;
			remoteGlobalIDString = 13B07F861A680F5B00A75B9A;
			remoteInfo = CoffeeShop;
		};
/* End PBXContainerItemProxy section */

/* Begin PBXFileReference section */
		00E356EE1AD99517003FC87E /* CoffeeShopTests.xctest */ = {isa = PBXFileReference; explicitFileType = wrapper.cfbundle; includeInIndex = 0; path = CoffeeShopTests.xctest; sourceTree = BUILT_PRODUCTS_DIR; };
		00E356F11AD99517003FC87E /* Info.plist */ = {isa = PBXFileReference; lastKnownFileType = text.plist.xml; path = Info.plist; sourceTree = "<group>"; };
		00E356F21AD99517003FC87E /* CoffeeShopTests.m */ = {isa = PBXFileReference; lastKnownFileType = sourcecode.c.objc; path = CoffeeShopTests.m; sourceTree = "<group>"; };
		13B07F961A680F5B00A75B9A /* CoffeeShop.app */ = {isa = PBXFileReference; explicitFileType = wrapper.application; includeInIndex = 0; path = CoffeeShop.app; sourceTree = BUILT_PRODUCTS_DIR; };
		13B07FAF1A68108700A75B9A /* AppDelegate.h */ = {isa = PBXFileReference; fileEncoding = 4; lastKnownFileType = sourcecode.c.h; name = AppDelegate.h; path = CoffeeShop/AppDelegate.h; sourceTree = "<group>"; };
		13B07FB01A68108700A75B9A /* AppDelegate.mm */ = {isa = PBXFileReference; fileEncoding = 4; lastKnownFileType = sourcecode.cpp.objcpp; name = AppDelegate.mm; path = CoffeeShop/AppDelegate.mm; sourceTree = "<group>"; };
		13B07FB51A68108700A75B9A /* Images.xcassets */ = {isa = PBXFileReference; lastKnownFileType = folder.assetcatalog; name = Images.xcassets; path = CoffeeShop/Images.xcassets; sourceTree = "<group>"; };
		13B07FB61A68108700A75B9A /* Info.plist */ = {isa = PBXFileReference; fileEncoding = 4; lastKnownFileType = text.plist.xml; name = Info.plist; path = CoffeeShop/Info.plist; sourceTree = "<group>"; };
		13B07FB71A68108700A75B9A /* main.m */ = {isa = PBXFileReference; fileEncoding = 4; lastKnownFileType = sourcecode.c.objc; name = main.m; path = CoffeeShop/main.m; sourceTree = "<group>"; };
		13B07FB81A68108700A75B9A /* PrivacyInfo.xcprivacy */ = {isa = PBXFileReference; fileEncoding = 4; lastKnownFileType = text.plist.xml; name = PrivacyInfo.xcprivacy; path = CoffeeShop/PrivacyInfo.xcprivacy; sourceTree = "<group>"; };
		19F6CBCC0A4E27FBF8BF4A61 /* libPods-CoffeeShop-CoffeeShopTests.a */ = {isa = PBXFileReference; explicitFileType = archive.ar; includeInIndex = 0; path = "libPods-CoffeeShop-CoffeeShopTests.a"; sourceTree = BUILT_PRODUCTS_DIR; };
		3B4392A12AC88292D35C810B /* Pods-CoffeeShop.debug.xcconfig */ = {isa = PBXFileReference; includeInIndex = 1; lastKnownFileType = text.xcconfig; name = "Pods-CoffeeShop.debug.xcconfig"; path = "Target Support Files/Pods-CoffeeShop/Pods-CoffeeShop.debug.xcconfig"; sourceTree = "<group>"; };
		5709B34CF0A7D63546082F79 /* Pods-CoffeeShop.release.xcconfig */ = {isa = PBXFileReference; includeInIndex = 1; lastKnownFileType = text.xcconfig; name = "Pods-CoffeeShop.release.xcconfig"; path = "Target Support Files/Pods-CoffeeShop/Pods-CoffeeShop.release.xcconfig"; sourceTree = "<group>"; };
		5B7EB9410499542E8C5724F5 /* Pods-CoffeeShop-CoffeeShopTests.debug.xcconfig */ = {isa = PBXFileReference; includeInIndex = 1; lastKnownFileType = text.xcconfig; name = "Pods-CoffeeShop-CoffeeShopTests.debug.xcconfig"; path = "Target Support Files/Pods-CoffeeShop-CoffeeShopTests/Pods-CoffeeShop-CoffeeShopTests.debug.xcconfig"; sourceTree = "<group>"; };
		5DCACB8F33CDC322A6C60F78 /* libPods-CoffeeShop.a */ = {isa = PBXFileReference; explicitFileType = archive.ar; includeInIndex = 0; path = "libPods-CoffeeShop.a"; sourceTree = BUILT_PRODUCTS_DIR; };
		81AB9BB72411601600AC10FF /* LaunchScreen.storyboard */ = {isa = PBXFileReference; fileEncoding = 4; lastKnownFileType = file.storyboard; name = LaunchScreen.storyboard; path = CoffeeShop/LaunchScreen.storyboard; sourceTree = "<group>"; };
		89C6BE57DB24E9ADA2F236DE /* Pods-CoffeeShop-CoffeeShopTests.release.xcconfig */ = {isa = PBXFileReference; includeInIndex = 1; lastKnownFileType = text.xcconfig; name = "Pods-CoffeeShop-CoffeeShopTests.release.xcconfig"; path = "Target Support Files/Pods-CoffeeShop-CoffeeShopTests/Pods-CoffeeShop-CoffeeShopTests.release.xcconfig"; sourceTree = "<group>"; };
		ED297162215061F000B7C4FE /* JavaScriptCore.framework */ = {isa = PBXFileReference; lastKnownFileType = wrapper.framework; name = JavaScriptCore.framework; path = System/Library/Frameworks/JavaScriptCore.framework; sourceTree = SDKROOT; };
		FD94B01BE1744F32BE2162F6 /* app_icons.ttf */ = {isa = PBXFileReference; name = "app_icons.ttf"; path = "../src/assets/fonts/app_icons.ttf"; sourceTree = "<group>"; fileEncoding = undefined; lastKnownFileType = unknown; explicitFileType = undefined; includeInIndex = 0; };
		E949061C97FD48E48DF45600 /* Poppins-Black.ttf */ = {isa = PBXFileReference; name = "Poppins-Black.ttf"; path = "../src/assets/fonts/Poppins-Black.ttf"; sourceTree = "<group>"; fileEncoding = undefined; lastKnownFileType = unknown; explicitFileType = undefined; includeInIndex = 0; };
		A93AC8A07D534DBAA92C02AC /* Poppins-Bold.ttf */ = {isa = PBXFileReference; name = "Poppins-Bold.ttf"; path = "../src/assets/fonts/Poppins-Bold.ttf"; sourceTree = "<group>"; fileEncoding = undefined; lastKnownFileType = unknown; explicitFileType = undefined; includeInIndex = 0; };
		CA1C9D44B69C46D2B187F32E /* Poppins-ExtraBold.ttf */ = {isa = PBXFileReference; name = "Poppins-ExtraBold.ttf"; path = "../src/assets/fonts/Poppins-ExtraBold.ttf"; sourceTree = "<group>"; fileEncoding = undefined; lastKnownFileType = unknown; explicitFileType = undefined; includeInIndex = 0; };
		33F7785D1E394635AD9ABED1 /* Poppins-ExtraLight.ttf */ = {isa = PBXFileReference; name = "Poppins-ExtraLight.ttf"; path = "../src/assets/fonts/Poppins-ExtraLight.ttf"; sourceTree = "<group>"; fileEncoding = undefined; lastKnownFileType = unknown; explicitFileType = undefined; includeInIndex = 0; };
		6294AB406E3C47BE85CD6EA2 /* Poppins-Light.ttf */ = {isa = PBXFileReference; name = "Poppins-Light.ttf"; path = "../src/assets/fonts/Poppins-Light.ttf"; sourceTree = "<group>"; fileEncoding = undefined; lastKnownFileType = unknown; explicitFileType = undefined; includeInIndex = 0; };
		03647E39447F4FACAF013C53 /* Poppins-Medium.ttf */ = {isa = PBXFileReference; name = "Poppins-Medium.ttf"; path = "../src/assets/fonts/Poppins-Medium.ttf"; sourceTree = "<group>"; fileEncoding = undefined; lastKnownFileType = unknown; explicitFileType = undefined; includeInIndex = 0; };
		80109667B2AB457FB11F4160 /* Poppins-Regular.ttf */ = {isa = PBXFileReference; name = "Poppins-Regular.ttf"; path = "../src/assets/fonts/Poppins-Regular.ttf"; sourceTree = "<group>"; fileEncoding = undefined; lastKnownFileType = unknown; explicitFileType = undefined; includeInIndex = 0; };
		2D62FAEE47DD4B1F9F3F9913 /* Poppins-SemiBold.ttf */ = {isa = PBXFileReference; name = "Poppins-SemiBold.ttf"; path = "../src/assets/fonts/Poppins-SemiBold.ttf"; sourceTree = "<group>"; fileEncoding = undefined; lastKnownFileType = unknown; explicitFileType = undefined; includeInIndex = 0; };
		A763988162404BD994F6A6D7 /* Poppins-Thin.ttf */ = {isa = PBXFileReference; name = "Poppins-Thin.ttf"; path = "../src/assets/fonts/Poppins-Thin.ttf"; sourceTree = "<group>"; fileEncoding = undefined; lastKnownFileType = unknown; explicitFileType = undefined; includeInIndex = 0; };
		8DBF9C121DE04398A31864F5 /* amazonpay.png */ = {isa = PBXFileReference; name = "amazonpay.png"; path = "../src/assets/app_images/amazonpay.png"; sourceTree = "<group>"; fileEncoding = undefined; lastKnownFileType = unknown; explicitFileType = undefined; includeInIndex = 0; };
		93CB9E39E30E4658A2EC2E4C /* applepay.png */ = {isa = PBXFileReference; name = "applepay.png"; path = "../src/assets/app_images/applepay.png"; sourceTree = "<group>"; fileEncoding = undefined; lastKnownFileType = unknown; explicitFileType = undefined; includeInIndex = 0; };
		2DA10DDED43F4B1891EA5951 /* avatar.png */ = {isa = PBXFileReference; name = "avatar.png"; path = "../src/assets/app_images/avatar.png"; sourceTree = "<group>"; fileEncoding = undefined; lastKnownFileType = unknown; explicitFileType = undefined; includeInIndex = 0; };
		05229742EACE4D5993363BEF /* gpay.png */ = {isa = PBXFileReference; name = "gpay.png"; path = "../src/assets/app_images/gpay.png"; sourceTree = "<group>"; fileEncoding = undefined; lastKnownFileType = unknown; explicitFileType = undefined; includeInIndex = 0; };
		F7212246496E4DEB88BDACC7 /* americano_pic_1_portrait.png */ = {isa = PBXFileReference; name = "americano_pic_1_portrait.png"; path = "../src/assets/coffee_assets/americano/portrait/americano_pic_1_portrait.png"; sourceTree = "<group>"; fileEncoding = undefined; lastKnownFileType = unknown; explicitFileType = undefined; includeInIndex = 0; };
		8BD8582F6ED04BD6B610799C /* americano_pic_2_portrait.png */ = {isa = PBXFileReference; name = "americano_pic_2_portrait.png"; path = "../src/assets/coffee_assets/americano/portrait/americano_pic_2_portrait.png"; sourceTree = "<group>"; fileEncoding = undefined; lastKnownFileType = unknown; explicitFileType = undefined; includeInIndex = 0; };
		2A8E9C3E9106474A8B29E79E /* americano_pic_3_portrait.png */ = {isa = PBXFileReference; name = "americano_pic_3_portrait.png"; path = "../src/assets/coffee_assets/americano/portrait/americano_pic_3_portrait.png"; sourceTree = "<group>"; fileEncoding = undefined; lastKnownFileType = unknown; explicitFileType = undefined; includeInIndex = 0; };
		ED66901DE26B4651BC8D6DD8 /* americano_pic_1_square.png */ = {isa = PBXFileReference; name = "americano_pic_1_square.png"; path = "../src/assets/coffee_assets/americano/square/americano_pic_1_square.png"; sourceTree = "<group>"; fileEncoding = undefined; lastKnownFileType = unknown; explicitFileType = undefined; includeInIndex = 0; };
		78A3DB257F224F62B0F105C3 /* americano_pic_2_square.png */ = {isa = PBXFileReference; name = "americano_pic_2_square.png"; path = "../src/assets/coffee_assets/americano/square/americano_pic_2_square.png"; sourceTree = "<group>"; fileEncoding = undefined; lastKnownFileType = unknown; explicitFileType = undefined; includeInIndex = 0; };
		20D686727306421EAB76C1DA /* americano_pic_3_square.png */ = {isa = PBXFileReference; name = "americano_pic_3_square.png"; path = "../src/assets/coffee_assets/americano/square/americano_pic_3_square.png"; sourceTree = "<group>"; fileEncoding = undefined; lastKnownFileType = unknown; explicitFileType = undefined; includeInIndex = 0; };
		6758992F78A444B98A40C188 /* arabica_coffee_beans_portrait.png */ = {isa = PBXFileReference; name = "arabica_coffee_beans_portrait.png"; path = "../src/assets/coffee_assets/arabica_coffee_beans/arabica_coffee_beans_portrait.png"; sourceTree = "<group>"; fileEncoding = undefined; lastKnownFileType = unknown; explicitFileType = undefined; includeInIndex = 0; };
		9D9A1B098CB54B5CB9BC75D3 /* arabica_coffee_beans_square.png */ = {isa = PBXFileReference; name = "arabica_coffee_beans_square.png"; path = "../src/assets/coffee_assets/arabica_coffee_beans/arabica_coffee_beans_square.png"; sourceTree = "<group>"; fileEncoding = undefined; lastKnownFileType = unknown; explicitFileType = undefined; includeInIndex = 0; };
		9E9F48AFD55B4C61B796F911 /* black_coffee_pic_1_portrait.png */ = {isa = PBXFileReference; name = "black_coffee_pic_1_portrait.png"; path = "../src/assets/coffee_assets/black_coffee/portrait/black_coffee_pic_1_portrait.png"; sourceTree = "<group>"; fileEncoding = undefined; lastKnownFileType = unknown; explicitFileType = undefined; includeInIndex = 0; };
		6C935F09642F4AAABFEFC985 /* black_coffee_pic_2_portrait.png */ = {isa = PBXFileReference; name = "black_coffee_pic_2_portrait.png"; path = "../src/assets/coffee_assets/black_coffee/portrait/black_coffee_pic_2_portrait.png"; sourceTree = "<group>"; fileEncoding = undefined; lastKnownFileType = unknown; explicitFileType = undefined; includeInIndex = 0; };
		ACBABAEC402F4EED904D39E7 /* black_coffee_pic_3_portrait.png */ = {isa = PBXFileReference; name = "black_coffee_pic_3_portrait.png"; path = "../src/assets/coffee_assets/black_coffee/portrait/black_coffee_pic_3_portrait.png"; sourceTree = "<group>"; fileEncoding = undefined; lastKnownFileType = unknown; explicitFileType = undefined; includeInIndex = 0; };
		98D84838A07D46E080685891 /* black_coffee_pic_1_square.png */ = {isa = PBXFileReference; name = "black_coffee_pic_1_square.png"; path = "../src/assets/coffee_assets/black_coffee/square/black_coffee_pic_1_square.png"; sourceTree = "<group>"; fileEncoding = undefined; lastKnownFileType = unknown; explicitFileType = undefined; includeInIndex = 0; };
		F99017B98F0545C18B4245EA /* black_coffee_pic_2_square.png */ = {isa = PBXFileReference; name = "black_coffee_pic_2_square.png"; path = "../src/assets/coffee_assets/black_coffee/square/black_coffee_pic_2_square.png"; sourceTree = "<group>"; fileEncoding = undefined; lastKnownFileType = unknown; explicitFileType = undefined; includeInIndex = 0; };
		C17AF77B7BE642B686036C2E /* black_coffee_pic_3_square.png */ = {isa = PBXFileReference; name = "black_coffee_pic_3_square.png"; path = "../src/assets/coffee_assets/black_coffee/square/black_coffee_pic_3_square.png"; sourceTree = "<group>"; fileEncoding = undefined; lastKnownFileType = unknown; explicitFileType = undefined; includeInIndex = 0; };
		AC735A8BEA354006AB9BB94E /* cappuccino_pic_1_portrait.png */ = {isa = PBXFileReference; name = "cappuccino_pic_1_portrait.png"; path = "../src/assets/coffee_assets/cappuccino/portrait/cappuccino_pic_1_portrait.png"; sourceTree = "<group>"; fileEncoding = undefined; lastKnownFileType = unknown; explicitFileType = undefined; includeInIndex = 0; };
		6533F5EC8C3C4ED490ABEEE6 /* cappuccino_pic_2_portrait.png */ = {isa = PBXFileReference; name = "cappuccino_pic_2_portrait.png"; path = "../src/assets/coffee_assets/cappuccino/portrait/cappuccino_pic_2_portrait.png"; sourceTree = "<group>"; fileEncoding = undefined; lastKnownFileType = unknown; explicitFileType = undefined; includeInIndex = 0; };
		53671880A26E462BA7717BA0 /* cappuccino_pic_3_portrait.png */ = {isa = PBXFileReference; name = "cappuccino_pic_3_portrait.png"; path = "../src/assets/coffee_assets/cappuccino/portrait/cappuccino_pic_3_portrait.png"; sourceTree = "<group>"; fileEncoding = undefined; lastKnownFileType = unknown; explicitFileType = undefined; includeInIndex = 0; };
		67A327F8CA544D4181C82FBB /* cappuccino_pic_1_square.png */ = {isa = PBXFileReference; name = "cappuccino_pic_1_square.png"; path = "../src/assets/coffee_assets/cappuccino/square/cappuccino_pic_1_square.png"; sourceTree = "<group>"; fileEncoding = undefined; lastKnownFileType = unknown; explicitFileType = undefined; includeInIndex = 0; };
		F67A7A8B6E3544FCBFCB729B /* cappuccino_pic_2_square.png */ = {isa = PBXFileReference; name = "cappuccino_pic_2_square.png"; path = "../src/assets/coffee_assets/cappuccino/square/cappuccino_pic_2_square.png"; sourceTree = "<group>"; fileEncoding = undefined; lastKnownFileType = unknown; explicitFileType = undefined; includeInIndex = 0; };
		5A6A4CD7F489404AB46C015C /* cappuccino_pic_3_square.png */ = {isa = PBXFileReference; name = "cappuccino_pic_3_square.png"; path = "../src/assets/coffee_assets/cappuccino/square/cappuccino_pic_3_square.png"; sourceTree = "<group>"; fileEncoding = undefined; lastKnownFileType = unknown; explicitFileType = undefined; includeInIndex = 0; };
		7668FE57B4A544AF91E5DB9E /* espresso_pic_1_portrait.png */ = {isa = PBXFileReference; name = "espresso_pic_1_portrait.png"; path = "../src/assets/coffee_assets/espresso/portrait/espresso_pic_1_portrait.png"; sourceTree = "<group>"; fileEncoding = undefined; lastKnownFileType = unknown; explicitFileType = undefined; includeInIndex = 0; };
		8A6D78FF96AB42B5B4565084 /* espresso_pic_2_portrait.png */ = {isa = PBXFileReference; name = "espresso_pic_2_portrait.png"; path = "../src/assets/coffee_assets/espresso/portrait/espresso_pic_2_portrait.png"; sourceTree = "<group>"; fileEncoding = undefined; lastKnownFileType = unknown; explicitFileType = undefined; includeInIndex = 0; };
		EB2B399BC9644730ACFA02D5 /* espresso_pic_3_portrait.png */ = {isa = PBXFileReference; name = "espresso_pic_3_portrait.png"; path = "../src/assets/coffee_assets/espresso/portrait/espresso_pic_3_portrait.png"; sourceTree = "<group>"; fileEncoding = undefined; lastKnownFileType = unknown; explicitFileType = undefined; includeInIndex = 0; };
		16417E7E7CE94185B123C509 /* espresso_pic_1_square.png */ = {isa = PBXFileReference; name = "espresso_pic_1_square.png"; path = "../src/assets/coffee_assets/espresso/square/espresso_pic_1_square.png"; sourceTree = "<group>"; fileEncoding = undefined; lastKnownFileType = unknown; explicitFileType = undefined; includeInIndex = 0; };
		3D2BC537654641159187A21A /* espresso_pic_2_square.png */ = {isa = PBXFileReference; name = "espresso_pic_2_square.png"; path = "../src/assets/coffee_assets/espresso/square/espresso_pic_2_square.png"; sourceTree = "<group>"; fileEncoding = undefined; lastKnownFileType = unknown; explicitFileType = undefined; includeInIndex = 0; };
		F12BFD6FE5114B15AFD48FAD /* espresso_pic_3_square.png */ = {isa = PBXFileReference; name = "espresso_pic_3_square.png"; path = "../src/assets/coffee_assets/espresso/square/espresso_pic_3_square.png"; sourceTree = "<group>"; fileEncoding = undefined; lastKnownFileType = unknown; explicitFileType = undefined; includeInIndex = 0; };
		FC662666B585415A9E1F8AA7 /* excelsa_coffee_beans_portrait.png */ = {isa = PBXFileReference; name = "excelsa_coffee_beans_portrait.png"; path = "../src/assets/coffee_assets/excelsa_coffee_beans/excelsa_coffee_beans_portrait.png"; sourceTree = "<group>"; fileEncoding = undefined; lastKnownFileType = unknown; explicitFileType = undefined; includeInIndex = 0; };
		9DE0EF644DBA4670A083F988 /* excelsa_coffee_beans_square.png */ = {isa = PBXFileReference; name = "excelsa_coffee_beans_square.png"; path = "../src/assets/coffee_assets/excelsa_coffee_beans/excelsa_coffee_beans_square.png"; sourceTree = "<group>"; fileEncoding = undefined; lastKnownFileType = unknown; explicitFileType = undefined; includeInIndex = 0; };
		AE6D48FC2CB648138A13B70E /* latte_pic_1_portrait.png */ = {isa = PBXFileReference; name = "latte_pic_1_portrait.png"; path = "../src/assets/coffee_assets/latte/portrait/latte_pic_1_portrait.png"; sourceTree = "<group>"; fileEncoding = undefined; lastKnownFileType = unknown; explicitFileType = undefined; includeInIndex = 0; };
		FE7F7A0514FC40069C7B5D8F /* latte_pic_2_portrait.png */ = {isa = PBXFileReference; name = "latte_pic_2_portrait.png"; path = "../src/assets/coffee_assets/latte/portrait/latte_pic_2_portrait.png"; sourceTree = "<group>"; fileEncoding = undefined; lastKnownFileType = unknown; explicitFileType = undefined; includeInIndex = 0; };
		069CF00FE4614849BFEB2158 /* latte_pic_3_portrait.png */ = {isa = PBXFileReference; name = "latte_pic_3_portrait.png"; path = "../src/assets/coffee_assets/latte/portrait/latte_pic_3_portrait.png"; sourceTree = "<group>"; fileEncoding = undefined; lastKnownFileType = unknown; explicitFileType = undefined; includeInIndex = 0; };
		515B3811AA9C4A4493D6F840 /* latte_pic_1_square.png */ = {isa = PBXFileReference; name = "latte_pic_1_square.png"; path = "../src/assets/coffee_assets/latte/square/latte_pic_1_square.png"; sourceTree = "<group>"; fileEncoding = undefined; lastKnownFileType = unknown; explicitFileType = undefined; includeInIndex = 0; };
		F9303BBE2EDB42D5B3603F71 /* latte_pic_2_square.png */ = {isa = PBXFileReference; name = "latte_pic_2_square.png"; path = "../src/assets/coffee_assets/latte/square/latte_pic_2_square.png"; sourceTree = "<group>"; fileEncoding = undefined; lastKnownFileType = unknown; explicitFileType = undefined; includeInIndex = 0; };
		407FA9A6350747BA9D327BBA /* latte_pic_3_square.png */ = {isa = PBXFileReference; name = "latte_pic_3_square.png"; path = "../src/assets/coffee_assets/latte/square/latte_pic_3_square.png"; sourceTree = "<group>"; fileEncoding = undefined; lastKnownFileType = unknown; explicitFileType = undefined; includeInIndex = 0; };
		F3E7B8344E9B433AA12D0266 /* liberica_coffee_beans_portrait.png */ = {isa = PBXFileReference; name = "liberica_coffee_beans_portrait.png"; path = "../src/assets/coffee_assets/liberica_coffee_beans/liberica_coffee_beans_portrait.png"; sourceTree = "<group>"; fileEncoding = undefined; lastKnownFileType = unknown; explicitFileType = undefined; includeInIndex = 0; };
		A6D1435ACC1F41E8856F3256 /* liberica_coffee_beans_square.png */ = {isa = PBXFileReference; name = "liberica_coffee_beans_square.png"; path = "../src/assets/coffee_assets/liberica_coffee_beans/liberica_coffee_beans_square.png"; sourceTree = "<group>"; fileEncoding = undefined; lastKnownFileType = unknown; explicitFileType = undefined; includeInIndex = 0; };
		80EFCB9C38734435B8ECB0F0 /* macchiato_pic_1_portrait.png */ = {isa = PBXFileReference; name = "macchiato_pic_1_portrait.png"; path = "../src/assets/coffee_assets/macchiato/portrait/macchiato_pic_1_portrait.png"; sourceTree = "<group>"; fileEncoding = undefined; lastKnownFileType = unknown; explicitFileType = undefined; includeInIndex = 0; };
		0FBF7965FECE44CC9B5BC615 /* macchiato_pic_2_portrait.png */ = {isa = PBXFileReference; name = "macchiato_pic_2_portrait.png"; path = "../src/assets/coffee_assets/macchiato/portrait/macchiato_pic_2_portrait.png"; sourceTree = "<group>"; fileEncoding = undefined; lastKnownFileType = unknown; explicitFileType = undefined; includeInIndex = 0; };
		C89226D38E9D41CDB61AD8CF /* macchiato_pic_3_portrait.png */ = {isa = PBXFileReference; name = "macchiato_pic_3_portrait.png"; path = "../src/assets/coffee_assets/macchiato/portrait/macchiato_pic_3_portrait.png"; sourceTree = "<group>"; fileEncoding = undefined; lastKnownFileType = unknown; explicitFileType = undefined; includeInIndex = 0; };
		9ADEEB584505404A85C3FB8B /* macchiato_pic_1_square.png */ = {isa = PBXFileReference; name = "macchiato_pic_1_square.png"; path = "../src/assets/coffee_assets/macchiato/square/macchiato_pic_1_square.png"; sourceTree = "<group>"; fileEncoding = undefined; lastKnownFileType = unknown; explicitFileType = undefined; includeInIndex = 0; };
		AA70952BA6BC4A60A196221D /* macchiato_pic_2_square.png */ = {isa = PBXFileReference; name = "macchiato_pic_2_square.png"; path = "../src/assets/coffee_assets/macchiato/square/macchiato_pic_2_square.png"; sourceTree = "<group>"; fileEncoding = undefined; lastKnownFileType = unknown; explicitFileType = undefined; includeInIndex = 0; };
		B19315891F104A7AB232ED5B /* macchiato_pic_3_square.png */ = {isa = PBXFileReference; name = "macchiato_pic_3_square.png"; path = "../src/assets/coffee_assets/macchiato/square/macchiato_pic_3_square.png"; sourceTree = "<group>"; fileEncoding = undefined; lastKnownFileType = unknown; explicitFileType = undefined; includeInIndex = 0; };
		D20A7BADCA8F49EDBEEB2D7C /* robusta_coffee_beans_portrait.png */ = {isa = PBXFileReference; name = "robusta_coffee_beans_portrait.png"; path = "../src/assets/coffee_assets/robusta_coffee_beans/robusta_coffee_beans_portrait.png"; sourceTree = "<group>"; fileEncoding = undefined; lastKnownFileType = unknown; explicitFileType = undefined; includeInIndex = 0; };
		D6577A369B8445F88089A5EC /* robusta_coffee_beans_square.png */ = {isa = PBXFileReference; name = "robusta_coffee_beans_square.png"; path = "../src/assets/coffee_assets/robusta_coffee_beans/robusta_coffee_beans_square.png"; sourceTree = "<group>"; fileEncoding = undefined; lastKnownFileType = unknown; explicitFileType = undefined; includeInIndex = 0; };
/* End PBXFileReference section */

/* Begin PBXFrameworksBuildPhase section */
		00E356EB1AD99517003FC87E /* Frameworks */ = {
			isa = PBXFrameworksBuildPhase;
			buildActionMask = 2147483647;
			files = (
				7699B88040F8A987B510C191 /* libPods-CoffeeShop-CoffeeShopTests.a in Frameworks */,
			);
			runOnlyForDeploymentPostprocessing = 0;
		};
		13B07F8C1A680F5B00A75B9A /* Frameworks */ = {
			isa = PBXFrameworksBuildPhase;
			buildActionMask = 2147483647;
			files = (
				0C80B921A6F3F58F76C31292 /* libPods-CoffeeShop.a in Frameworks */,
			);
			runOnlyForDeploymentPostprocessing = 0;
		};
/* End PBXFrameworksBuildPhase section */

/* Begin PBXGroup section */
		00E356EF1AD99517003FC87E /* CoffeeShopTests */ = {
			isa = PBXGroup;
			children = (
				00E356F21AD99517003FC87E /* CoffeeShopTests.m */,
				00E356F01AD99517003FC87E /* Supporting Files */,
			);
			path = CoffeeShopTests;
			sourceTree = "<group>";
		};
		00E356F01AD99517003FC87E /* Supporting Files */ = {
			isa = PBXGroup;
			children = (
				00E356F11AD99517003FC87E /* Info.plist */,
			);
			name = "Supporting Files";
			sourceTree = "<group>";
		};
		13B07FAE1A68108700A75B9A /* CoffeeShop */ = {
			isa = PBXGroup;
			children = (
				13B07FAF1A68108700A75B9A /* AppDelegate.h */,
				13B07FB01A68108700A75B9A /* AppDelegate.mm */,
				13B07FB51A68108700A75B9A /* Images.xcassets */,
				13B07FB61A68108700A75B9A /* Info.plist */,
				81AB9BB72411601600AC10FF /* LaunchScreen.storyboard */,
				13B07FB71A68108700A75B9A /* main.m */,
				13B07FB81A68108700A75B9A /* PrivacyInfo.xcprivacy */,
			);
			name = CoffeeShop;
			sourceTree = "<group>";
		};
		2D16E6871FA4F8E400B85C8A /* Frameworks */ = {
			isa = PBXGroup;
			children = (
				ED297162215061F000B7C4FE /* JavaScriptCore.framework */,
				5DCACB8F33CDC322A6C60F78 /* libPods-CoffeeShop.a */,
				19F6CBCC0A4E27FBF8BF4A61 /* libPods-CoffeeShop-CoffeeShopTests.a */,
			);
			name = Frameworks;
			sourceTree = "<group>";
		};
		832341AE1AAA6A7D00B99B32 /* Libraries */ = {
			isa = PBXGroup;
			children = (
			);
			name = Libraries;
			sourceTree = "<group>";
		};
		83CBB9F61A601CBA00E9B192 = {
			isa = PBXGroup;
			children = (
				13B07FAE1A68108700A75B9A /* CoffeeShop */,
				832341AE1AAA6A7D00B99B32 /* Libraries */,
				00E356EF1AD99517003FC87E /* CoffeeShopTests */,
				83CBBA001A601CBA00E9B192 /* Products */,
				2D16E6871FA4F8E400B85C8A /* Frameworks */,
				BBD78D7AC51CEA395F1C20DB /* Pods */,
				8794ADEE4968408BBAB2A4F4 /* Resources */,
			);
			indentWidth = 2;
			sourceTree = "<group>";
			tabWidth = 2;
			usesTabs = 0;
		};
		83CBBA001A601CBA00E9B192 /* Products */ = {
			isa = PBXGroup;
			children = (
				13B07F961A680F5B00A75B9A /* CoffeeShop.app */,
				00E356EE1AD99517003FC87E /* CoffeeShopTests.xctest */,
			);
			name = Products;
			sourceTree = "<group>";
		};
		BBD78D7AC51CEA395F1C20DB /* Pods */ = {
			isa = PBXGroup;
			children = (
				3B4392A12AC88292D35C810B /* Pods-CoffeeShop.debug.xcconfig */,
				5709B34CF0A7D63546082F79 /* Pods-CoffeeShop.release.xcconfig */,
				5B7EB9410499542E8C5724F5 /* Pods-CoffeeShop-CoffeeShopTests.debug.xcconfig */,
				89C6BE57DB24E9ADA2F236DE /* Pods-CoffeeShop-CoffeeShopTests.release.xcconfig */,
			);
			path = Pods;
			sourceTree = "<group>";
		};
		8794ADEE4968408BBAB2A4F4 /* Resources */ = {
			isa = "PBXGroup";
			children = (
				FD94B01BE1744F32BE2162F6 /* app_icons.ttf */,
				E949061C97FD48E48DF45600 /* Poppins-Black.ttf */,
				A93AC8A07D534DBAA92C02AC /* Poppins-Bold.ttf */,
				CA1C9D44B69C46D2B187F32E /* Poppins-ExtraBold.ttf */,
				33F7785D1E394635AD9ABED1 /* Poppins-ExtraLight.ttf */,
				6294AB406E3C47BE85CD6EA2 /* Poppins-Light.ttf */,
				03647E39447F4FACAF013C53 /* Poppins-Medium.ttf */,
				80109667B2AB457FB11F4160 /* Poppins-Regular.ttf */,
				2D62FAEE47DD4B1F9F3F9913 /* Poppins-SemiBold.ttf */,
				A763988162404BD994F6A6D7 /* Poppins-Thin.ttf */,
				8DBF9C121DE04398A31864F5 /* amazonpay.png */,
				93CB9E39E30E4658A2EC2E4C /* applepay.png */,
				2DA10DDED43F4B1891EA5951 /* avatar.png */,
				05229742EACE4D5993363BEF /* gpay.png */,
				F7212246496E4DEB88BDACC7 /* americano_pic_1_portrait.png */,
				8BD8582F6ED04BD6B610799C /* americano_pic_2_portrait.png */,
				2A8E9C3E9106474A8B29E79E /* americano_pic_3_portrait.png */,
				ED66901DE26B4651BC8D6DD8 /* americano_pic_1_square.png */,
				78A3DB257F224F62B0F105C3 /* americano_pic_2_square.png */,
				20D686727306421EAB76C1DA /* americano_pic_3_square.png */,
				6758992F78A444B98A40C188 /* arabica_coffee_beans_portrait.png */,
				9D9A1B098CB54B5CB9BC75D3 /* arabica_coffee_beans_square.png */,
				9E9F48AFD55B4C61B796F911 /* black_coffee_pic_1_portrait.png */,
				6C935F09642F4AAABFEFC985 /* black_coffee_pic_2_portrait.png */,
				ACBABAEC402F4EED904D39E7 /* black_coffee_pic_3_portrait.png */,
				98D84838A07D46E080685891 /* black_coffee_pic_1_square.png */,
				F99017B98F0545C18B4245EA /* black_coffee_pic_2_square.png */,
				C17AF77B7BE642B686036C2E /* black_coffee_pic_3_square.png */,
				AC735A8BEA354006AB9BB94E /* cappuccino_pic_1_portrait.png */,
				6533F5EC8C3C4ED490ABEEE6 /* cappuccino_pic_2_portrait.png */,
				53671880A26E462BA7717BA0 /* cappuccino_pic_3_portrait.png */,
				67A327F8CA544D4181C82FBB /* cappuccino_pic_1_square.png */,
				F67A7A8B6E3544FCBFCB729B /* cappuccino_pic_2_square.png */,
				5A6A4CD7F489404AB46C015C /* cappuccino_pic_3_square.png */,
				7668FE57B4A544AF91E5DB9E /* espresso_pic_1_portrait.png */,
				8A6D78FF96AB42B5B4565084 /* espresso_pic_2_portrait.png */,
				EB2B399BC9644730ACFA02D5 /* espresso_pic_3_portrait.png */,
				16417E7E7CE94185B123C509 /* espresso_pic_1_square.png */,
				3D2BC537654641159187A21A /* espresso_pic_2_square.png */,
				F12BFD6FE5114B15AFD48FAD /* espresso_pic_3_square.png */,
				FC662666B585415A9E1F8AA7 /* excelsa_coffee_beans_portrait.png */,
				9DE0EF644DBA4670A083F988 /* excelsa_coffee_beans_square.png */,
				AE6D48FC2CB648138A13B70E /* latte_pic_1_portrait.png */,
				FE7F7A0514FC40069C7B5D8F /* latte_pic_2_portrait.png */,
				069CF00FE4614849BFEB2158 /* latte_pic_3_portrait.png */,
				515B3811AA9C4A4493D6F840 /* latte_pic_1_square.png */,
				F9303BBE2EDB42D5B3603F71 /* latte_pic_2_square.png */,
				407FA9A6350747BA9D327BBA /* latte_pic_3_square.png */,
				F3E7B8344E9B433AA12D0266 /* liberica_coffee_beans_portrait.png */,
				A6D1435ACC1F41E8856F3256 /* liberica_coffee_beans_square.png */,
				80EFCB9C38734435B8ECB0F0 /* macchiato_pic_1_portrait.png */,
				0FBF7965FECE44CC9B5BC615 /* macchiato_pic_2_portrait.png */,
				C89226D38E9D41CDB61AD8CF /* macchiato_pic_3_portrait.png */,
				9ADEEB584505404A85C3FB8B /* macchiato_pic_1_square.png */,
				AA70952BA6BC4A60A196221D /* macchiato_pic_2_square.png */,
				B19315891F104A7AB232ED5B /* macchiato_pic_3_square.png */,
				D20A7BADCA8F49EDBEEB2D7C /* robusta_coffee_beans_portrait.png */,
				D6577A369B8445F88089A5EC /* robusta_coffee_beans_square.png */,
			);
			name = Resources;
			sourceTree = "<group>";
			path = "";
		};
/* End PBXGroup section */

/* Begin PBXNativeTarget section */
		00E356ED1AD99517003FC87E /* CoffeeShopTests */ = {
			isa = PBXNativeTarget;
			buildConfigurationList = 00E357021AD99517003FC87E /* Build configuration list for PBXNativeTarget "CoffeeShopTests" */;
			buildPhases = (
				A55EABD7B0C7F3A422A6CC61 /* [CP] Check Pods Manifest.lock */,
				00E356EA1AD99517003FC87E /* Sources */,
				00E356EB1AD99517003FC87E /* Frameworks */,
				00E356EC1AD99517003FC87E /* Resources */,
				C59DA0FBD6956966B86A3779 /* [CP] Embed Pods Frameworks */,
				F6A41C54EA430FDDC6A6ED99 /* [CP] Copy Pods Resources */,
			);
			buildRules = (
			);
			dependencies = (
				00E356F51AD99517003FC87E /* PBXTargetDependency */,
			);
			name = CoffeeShopTests;
			productName = CoffeeShopTests;
			productReference = 00E356EE1AD99517003FC87E /* CoffeeShopTests.xctest */;
			productType = "com.apple.product-type.bundle.unit-test";
		};
		13B07F861A680F5B00A75B9A /* CoffeeShop */ = {
			isa = PBXNativeTarget;
			buildConfigurationList = 13B07F931A680F5B00A75B9A /* Build configuration list for PBXNativeTarget "CoffeeShop" */;
			buildPhases = (
				C38B50BA6285516D6DCD4F65 /* [CP] Check Pods Manifest.lock */,
				13B07F871A680F5B00A75B9A /* Sources */,
				13B07F8C1A680F5B00A75B9A /* Frameworks */,
				13B07F8E1A680F5B00A75B9A /* Resources */,
				00DD1BFF1BD5951E006B06BC /* Bundle React Native code and images */,
				00EEFC60759A1932668264C0 /* [CP] Embed Pods Frameworks */,
				E235C05ADACE081382539298 /* [CP] Copy Pods Resources */,
			);
			buildRules = (
			);
			dependencies = (
			);
			name = CoffeeShop;
			productName = CoffeeShop;
			productReference = 13B07F961A680F5B00A75B9A /* CoffeeShop.app */;
			productType = "com.apple.product-type.application";
		};
/* End PBXNativeTarget section */

/* Begin PBXProject section */
		83CBB9F71A601CBA00E9B192 /* Project object */ = {
			isa = PBXProject;
			attributes = {
				LastUpgradeCheck = 1210;
				TargetAttributes = {
					00E356ED1AD99517003FC87E = {
						CreatedOnToolsVersion = 6.2;
						TestTargetID = 13B07F861A680F5B00A75B9A;
					};
					13B07F861A680F5B00A75B9A = {
						LastSwiftMigration = 1120;
					};
				};
			};
			buildConfigurationList = 83CBB9FA1A601CBA00E9B192 /* Build configuration list for PBXProject "CoffeeShop" */;
			compatibilityVersion = "Xcode 12.0";
			developmentRegion = en;
			hasScannedForEncodings = 0;
			knownRegions = (
				en,
				Base,
			);
			mainGroup = 83CBB9F61A601CBA00E9B192;
			productRefGroup = 83CBBA001A601CBA00E9B192 /* Products */;
			projectDirPath = "";
			projectRoot = "";
			targets = (
				13B07F861A680F5B00A75B9A /* CoffeeShop */,
				00E356ED1AD99517003FC87E /* CoffeeShopTests */,
			);
		};
/* End PBXProject section */

/* Begin PBXResourcesBuildPhase section */
		00E356EC1AD99517003FC87E /* Resources */ = {
			isa = PBXResourcesBuildPhase;
			buildActionMask = 2147483647;
			files = (
			);
			runOnlyForDeploymentPostprocessing = 0;
		};
		13B07F8E1A680F5B00A75B9A /* Resources */ = {
			isa = PBXResourcesBuildPhase;
			buildActionMask = 2147483647;
			files = (
				81AB9BB82411601600AC10FF /* LaunchScreen.storyboard in Resources */,
				13B07FBF1A68108700A75B9A /* Images.xcassets in Resources */,
				5D3A7966340145CEBF7F9450 /* app_icons.ttf in Resources */,
				D255D1D2F143413F8E468B8C /* Poppins-Black.ttf in Resources */,
				EF3AB6968D794732A8109278 /* Poppins-Bold.ttf in Resources */,
				CE59390190EB4019BDA35C0B /* Poppins-ExtraBold.ttf in Resources */,
				CB3366C9B4FD4AEBA81D8909 /* Poppins-ExtraLight.ttf in Resources */,
				D6B7FABB4A14475AB8A8A90E /* Poppins-Light.ttf in Resources */,
				440F0314E4734B4489F8B9D3 /* Poppins-Medium.ttf in Resources */,
				1C705A7E0F7341CDA0E8874F /* Poppins-Regular.ttf in Resources */,
				52D87460D9AA4EF3A622E1CD /* Poppins-SemiBold.ttf in Resources */,
				2220E65E17214E259D01F3C3 /* Poppins-Thin.ttf in Resources */,
				6E1385B8EEFB4896A69C30B8 /* amazonpay.png in Resources */,
				DA3334E68B284BC9B6163C1E /* applepay.png in Resources */,
				E19397FE863544B183632CC0 /* avatar.png in Resources */,
				49CB672154E94F3CA4FB9F90 /* gpay.png in Resources */,
				F0824681D53D425698354486 /* americano_pic_1_portrait.png in Resources */,
				D6A4749076FE43809C2C8CB3 /* americano_pic_2_portrait.png in Resources */,
				D5386732DA5446BDA485CD1C /* americano_pic_3_portrait.png in Resources */,
				ACF6DEA4416A422588DF8B77 /* americano_pic_1_square.png in Resources */,
				15412AB504D6426D86C52A25 /* americano_pic_2_square.png in Resources */,
				8391FA0B946B4FF1A76A0287 /* americano_pic_3_square.png in Resources */,
				38A43D0818B5461F811AB13A /* arabica_coffee_beans_portrait.png in Resources */,
				D03B29DA4D0F4ACC9FCDE7CE /* arabica_coffee_beans_square.png in Resources */,
				5E832C99B02B4139984FADB4 /* black_coffee_pic_1_portrait.png in Resources */,
				698FA08D1DC148259FD2AAC4 /* black_coffee_pic_2_portrait.png in Resources */,
				D6082DAEE8DF4EB0944F6727 /* black_coffee_pic_3_portrait.png in Resources */,
				3E52BB94B5214ADBB4807F46 /* black_coffee_pic_1_square.png in Resources */,
				D2625D225EC34C01A9D9C4D3 /* black_coffee_pic_2_square.png in Resources */,
				5C3B70AEE8CD455C95D23222 /* black_coffee_pic_3_square.png in Resources */,
				5C860F747B944D889A3D59F6 /* cappuccino_pic_1_portrait.png in Resources */,
				CC333211BBBB42B482A14DE8 /* cappuccino_pic_2_portrait.png in Resources */,
				8EF31269C3C44C5BAB5FB0FC /* cappuccino_pic_3_portrait.png in Resources */,
				388165FA470A4664A566FFA5 /* cappuccino_pic_1_square.png in Resources */,
				4F6FEA1112EC483F8CFA8B88 /* cappuccino_pic_2_square.png in Resources */,
				528ACD9D0FDC4B56B5E3619C /* cappuccino_pic_3_square.png in Resources */,
				3436B8F43CFF4BC69471384F /* espresso_pic_1_portrait.png in Resources */,
				A22C91BDFB024EBFAE9840DB /* espresso_pic_2_portrait.png in Resources */,
				486F8E4C4A354445B93490A9 /* espresso_pic_3_portrait.png in Resources */,
				A6231CCAB328459795A211AA /* espresso_pic_1_square.png in Resources */,
				E038D01AAF0240B0B499B923 /* espresso_pic_2_square.png in Resources */,
				CDE660A279624857B4E1BD8E /* espresso_pic_3_square.png in Resources */,
				84316A2035AB464BB6448E5A /* excelsa_coffee_beans_portrait.png in Resources */,
				C50FEF4445B641A38D5B95C3 /* excelsa_coffee_beans_square.png in Resources */,
				FF25298A11E1447F8E63E76B /* latte_pic_1_portrait.png in Resources */,
				25D6E287CDE1461FAF6E33C2 /* latte_pic_2_portrait.png in Resources */,
				9385027D1CF04D6098DF079E /* latte_pic_3_portrait.png in Resources */,
				3C51B4347C5044ADAAFDCC8F /* latte_pic_1_square.png in Resources */,
				1F0CF7DA78034E468EBC1B3D /* latte_pic_2_square.png in Resources */,
				5E1F6F5CFEC5478B8B6A6904 /* latte_pic_3_square.png in Resources */,
				A6446AB1F6B94A1EB71B5423 /* liberica_coffee_beans_portrait.png in Resources */,
				663FE94B5D754723A339EB1D /* liberica_coffee_beans_square.png in Resources */,
				34630A415EFB494EB4FFE0D8 /* macchiato_pic_1_portrait.png in Resources */,
				AF30803FE8AB4D91B9E37F4F /* macchiato_pic_2_portrait.png in Resources */,
				CDDBD4CE01A342EEBFBB0C9F /* macchiato_pic_3_portrait.png in Resources */,
				BF3A7B2407EF4BC2B9EBF52F /* macchiato_pic_1_square.png in Resources */,
				98E4883F0C5D4428B737E290 /* macchiato_pic_2_square.png in Resources */,
				4EA64197D5954E5CAE387E7A /* macchiato_pic_3_square.png in Resources */,
				9EA6932E06CA40E79409B240 /* robusta_coffee_beans_portrait.png in Resources */,
				86DCF296095645308D75E3D9 /* robusta_coffee_beans_square.png in Resources */,
			);
			runOnlyForDeploymentPostprocessing = 0;
		};
/* End PBXResourcesBuildPhase section */

/* Begin PBXShellScriptBuildPhase section */
		00DD1BFF1BD5951E006B06BC /* Bundle React Native code and images */ = {
			isa = PBXShellScriptBuildPhase;
			buildActionMask = 2147483647;
			files = (
			);
			inputPaths = (
				"$(SRCROOT)/.xcode.env.local",
				"$(SRCROOT)/.xcode.env",
			);
			name = "Bundle React Native code and images";
			outputPaths = (
			);
			runOnlyForDeploymentPostprocessing = 0;
			shellPath = /bin/sh;
			shellScript = "set -e\n\nWITH_ENVIRONMENT=\"$REACT_NATIVE_PATH/scripts/xcode/with-environment.sh\"\nREACT_NATIVE_XCODE=\"$REACT_NATIVE_PATH/scripts/react-native-xcode.sh\"\n\n/bin/sh -c \"$WITH_ENVIRONMENT $REACT_NATIVE_XCODE\"\n";
		};
		00EEFC60759A1932668264C0 /* [CP] Embed Pods Frameworks */ = {
			isa = PBXShellScriptBuildPhase;
			buildActionMask = 2147483647;
			files = (
			);
			inputFileListPaths = (
				"${PODS_ROOT}/Target Support Files/Pods-CoffeeShop/Pods-CoffeeShop-frameworks-${CONFIGURATION}-input-files.xcfilelist",
			);
			name = "[CP] Embed Pods Frameworks";
			outputFileListPaths = (
				"${PODS_ROOT}/Target Support Files/Pods-CoffeeShop/Pods-CoffeeShop-frameworks-${CONFIGURATION}-output-files.xcfilelist",
			);
			runOnlyForDeploymentPostprocessing = 0;
			shellPath = /bin/sh;
			shellScript = "\"${PODS_ROOT}/Target Support Files/Pods-CoffeeShop/Pods-CoffeeShop-frameworks.sh\"\n";
			showEnvVarsInLog = 0;
		};
		A55EABD7B0C7F3A422A6CC61 /* [CP] Check Pods Manifest.lock */ = {
			isa = PBXShellScriptBuildPhase;
			buildActionMask = 2147483647;
			files = (
			);
			inputFileListPaths = (
			);
			inputPaths = (
				"${PODS_PODFILE_DIR_PATH}/Podfile.lock",
				"${PODS_ROOT}/Manifest.lock",
			);
			name = "[CP] Check Pods Manifest.lock";
			outputFileListPaths = (
			);
			outputPaths = (
				"$(DERIVED_FILE_DIR)/Pods-CoffeeShop-CoffeeShopTests-checkManifestLockResult.txt",
			);
			runOnlyForDeploymentPostprocessing = 0;
			shellPath = /bin/sh;
			shellScript = "diff \"${PODS_PODFILE_DIR_PATH}/Podfile.lock\" \"${PODS_ROOT}/Manifest.lock\" > /dev/null\nif [ $? != 0 ] ; then\n    # print error to STDERR\n    echo \"error: The sandbox is not in sync with the Podfile.lock. Run 'pod install' or update your CocoaPods installation.\" >&2\n    exit 1\nfi\n# This output is used by Xcode 'outputs' to avoid re-running this script phase.\necho \"SUCCESS\" > \"${SCRIPT_OUTPUT_FILE_0}\"\n";
			showEnvVarsInLog = 0;
		};
		C38B50BA6285516D6DCD4F65 /* [CP] Check Pods Manifest.lock */ = {
			isa = PBXShellScriptBuildPhase;
			buildActionMask = 2147483647;
			files = (
			);
			inputFileListPaths = (
			);
			inputPaths = (
				"${PODS_PODFILE_DIR_PATH}/Podfile.lock",
				"${PODS_ROOT}/Manifest.lock",
			);
			name = "[CP] Check Pods Manifest.lock";
			outputFileListPaths = (
			);
			outputPaths = (
				"$(DERIVED_FILE_DIR)/Pods-CoffeeShop-checkManifestLockResult.txt",
			);
			runOnlyForDeploymentPostprocessing = 0;
			shellPath = /bin/sh;
			shellScript = "diff \"${PODS_PODFILE_DIR_PATH}/Podfile.lock\" \"${PODS_ROOT}/Manifest.lock\" > /dev/null\nif [ $? != 0 ] ; then\n    # print error to STDERR\n    echo \"error: The sandbox is not in sync with the Podfile.lock. Run 'pod install' or update your CocoaPods installation.\" >&2\n    exit 1\nfi\n# This output is used by Xcode 'outputs' to avoid re-running this script phase.\necho \"SUCCESS\" > \"${SCRIPT_OUTPUT_FILE_0}\"\n";
			showEnvVarsInLog = 0;
		};
		C59DA0FBD6956966B86A3779 /* [CP] Embed Pods Frameworks */ = {
			isa = PBXShellScriptBuildPhase;
			buildActionMask = 2147483647;
			files = (
			);
			inputFileListPaths = (
				"${PODS_ROOT}/Target Support Files/Pods-CoffeeShop-CoffeeShopTests/Pods-CoffeeShop-CoffeeShopTests-frameworks-${CONFIGURATION}-input-files.xcfilelist",
			);
			name = "[CP] Embed Pods Frameworks";
			outputFileListPaths = (
				"${PODS_ROOT}/Target Support Files/Pods-CoffeeShop-CoffeeShopTests/Pods-CoffeeShop-CoffeeShopTests-frameworks-${CONFIGURATION}-output-files.xcfilelist",
			);
			runOnlyForDeploymentPostprocessing = 0;
			shellPath = /bin/sh;
			shellScript = "\"${PODS_ROOT}/Target Support Files/Pods-CoffeeShop-CoffeeShopTests/Pods-CoffeeShop-CoffeeShopTests-frameworks.sh\"\n";
			showEnvVarsInLog = 0;
		};
		E235C05ADACE081382539298 /* [CP] Copy Pods Resources */ = {
			isa = PBXShellScriptBuildPhase;
			buildActionMask = 2147483647;
			files = (
			);
			inputFileListPaths = (
				"${PODS_ROOT}/Target Support Files/Pods-CoffeeShop/Pods-CoffeeShop-resources-${CONFIGURATION}-input-files.xcfilelist",
			);
			name = "[CP] Copy Pods Resources";
			outputFileListPaths = (
				"${PODS_ROOT}/Target Support Files/Pods-CoffeeShop/Pods-CoffeeShop-resources-${CONFIGURATION}-output-files.xcfilelist",
			);
			runOnlyForDeploymentPostprocessing = 0;
			shellPath = /bin/sh;
			shellScript = "\"${PODS_ROOT}/Target Support Files/Pods-CoffeeShop/Pods-CoffeeShop-resources.sh\"\n";
			showEnvVarsInLog = 0;
		};
		F6A41C54EA430FDDC6A6ED99 /* [CP] Copy Pods Resources */ = {
			isa = PBXShellScriptBuildPhase;
			buildActionMask = 2147483647;
			files = (
			);
			inputFileListPaths = (
				"${PODS_ROOT}/Target Support Files/Pods-CoffeeShop-CoffeeShopTests/Pods-CoffeeShop-CoffeeShopTests-resources-${CONFIGURATION}-input-files.xcfilelist",
			);
			name = "[CP] Copy Pods Resources";
			outputFileListPaths = (
				"${PODS_ROOT}/Target Support Files/Pods-CoffeeShop-CoffeeShopTests/Pods-CoffeeShop-CoffeeShopTests-resources-${CONFIGURATION}-output-files.xcfilelist",
			);
			runOnlyForDeploymentPostprocessing = 0;
			shellPath = /bin/sh;
			shellScript = "\"${PODS_ROOT}/Target Support Files/Pods-CoffeeShop-CoffeeShopTests/Pods-CoffeeShop-CoffeeShopTests-resources.sh\"\n";
			showEnvVarsInLog = 0;
		};
/* End PBXShellScriptBuildPhase section */

/* Begin PBXSourcesBuildPhase section */
		00E356EA1AD99517003FC87E /* Sources */ = {
			isa = PBXSourcesBuildPhase;
			buildActionMask = 2147483647;
			files = (
				00E356F31AD99517003FC87E /* CoffeeShopTests.m in Sources */,
			);
			runOnlyForDeploymentPostprocessing = 0;
		};
		13B07F871A680F5B00A75B9A /* Sources */ = {
			isa = PBXSourcesBuildPhase;
			buildActionMask = 2147483647;
			files = (
				13B07FBC1A68108700A75B9A /* AppDelegate.mm in Sources */,
				13B07FC11A68108700A75B9A /* main.m in Sources */,
			);
			runOnlyForDeploymentPostprocessing = 0;
		};
/* End PBXSourcesBuildPhase section */

/* Begin PBXTargetDependency section */
		00E356F51AD99517003FC87E /* PBXTargetDependency */ = {
			isa = PBXTargetDependency;
			target = 13B07F861A680F5B00A75B9A /* CoffeeShop */;
			targetProxy = 00E356F41AD99517003FC87E /* PBXContainerItemProxy */;
		};
/* End PBXTargetDependency section */

/* Begin XCBuildConfiguration section */
		00E356F61AD99517003FC87E /* Debug */ = {
			isa = XCBuildConfiguration;
			baseConfigurationReference = 5B7EB9410499542E8C5724F5 /* Pods-CoffeeShop-CoffeeShopTests.debug.xcconfig */;
			buildSettings = {
				BUNDLE_LOADER = "$(TEST_HOST)";
				GCC_PREPROCESSOR_DEFINITIONS = (
					"DEBUG=1",
					"$(inherited)",
				);
				INFOPLIST_FILE = CoffeeShopTests/Info.plist;
				IPHONEOS_DEPLOYMENT_TARGET = 13.4;
				LD_RUNPATH_SEARCH_PATHS = (
					"$(inherited)",
					"@executable_path/Frameworks",
					"@loader_path/Frameworks",
				);
				OTHER_LDFLAGS = (
					"-ObjC",
					"-lc++",
					"$(inherited)",
				);
				PRODUCT_BUNDLE_IDENTIFIER = "org.reactjs.native.example.$(PRODUCT_NAME:rfc1034identifier)";
				PRODUCT_NAME = "$(TARGET_NAME)";
				TEST_HOST = "$(BUILT_PRODUCTS_DIR)/CoffeeShop.app/CoffeeShop";
			};
			name = Debug;
		};
		00E356F71AD99517003FC87E /* Release */ = {
			isa = XCBuildConfiguration;
			baseConfigurationReference = 89C6BE57DB24E9ADA2F236DE /* Pods-CoffeeShop-CoffeeShopTests.release.xcconfig */;
			buildSettings = {
				BUNDLE_LOADER = "$(TEST_HOST)";
				COPY_PHASE_STRIP = NO;
				INFOPLIST_FILE = CoffeeShopTests/Info.plist;
				IPHONEOS_DEPLOYMENT_TARGET = 13.4;
				LD_RUNPATH_SEARCH_PATHS = (
					"$(inherited)",
					"@executable_path/Frameworks",
					"@loader_path/Frameworks",
				);
				OTHER_LDFLAGS = (
					"-ObjC",
					"-lc++",
					"$(inherited)",
				);
				PRODUCT_BUNDLE_IDENTIFIER = "org.reactjs.native.example.$(PRODUCT_NAME:rfc1034identifier)";
				PRODUCT_NAME = "$(TARGET_NAME)";
				TEST_HOST = "$(BUILT_PRODUCTS_DIR)/CoffeeShop.app/CoffeeShop";
			};
			name = Release;
		};
		13B07F941A680F5B00A75B9A /* Debug */ = {
			isa = XCBuildConfiguration;
			baseConfigurationReference = 3B4392A12AC88292D35C810B /* Pods-CoffeeShop.debug.xcconfig */;
			buildSettings = {
				ASSETCATALOG_COMPILER_APPICON_NAME = AppIcon;
				CLANG_ENABLE_MODULES = YES;
				CURRENT_PROJECT_VERSION = 1;
				ENABLE_BITCODE = NO;
				INFOPLIST_FILE = CoffeeShop/Info.plist;
				LD_RUNPATH_SEARCH_PATHS = (
					"$(inherited)",
					"@executable_path/Frameworks",
				);
				MARKETING_VERSION = 1.0;
				OTHER_LDFLAGS = (
					"$(inherited)",
					"-ObjC",
					"-lc++",
				);
				PRODUCT_BUNDLE_IDENTIFIER = "org.reactjs.native.example.$(PRODUCT_NAME:rfc1034identifier)";
				PRODUCT_NAME = CoffeeShop;
				SWIFT_OPTIMIZATION_LEVEL = "-Onone";
				SWIFT_VERSION = 5.0;
				VERSIONING_SYSTEM = "apple-generic";
			};
			name = Debug;
		};
		13B07F951A680F5B00A75B9A /* Release */ = {
			isa = XCBuildConfiguration;
			baseConfigurationReference = 5709B34CF0A7D63546082F79 /* Pods-CoffeeShop.release.xcconfig */;
			buildSettings = {
				ASSETCATALOG_COMPILER_APPICON_NAME = AppIcon;
				CLANG_ENABLE_MODULES = YES;
				CURRENT_PROJECT_VERSION = 1;
				INFOPLIST_FILE = CoffeeShop/Info.plist;
				LD_RUNPATH_SEARCH_PATHS = (
					"$(inherited)",
					"@executable_path/Frameworks",
				);
				MARKETING_VERSION = 1.0;
				OTHER_LDFLAGS = (
					"$(inherited)",
					"-ObjC",
					"-lc++",
				);
				PRODUCT_BUNDLE_IDENTIFIER = "org.reactjs.native.example.$(PRODUCT_NAME:rfc1034identifier)";
				PRODUCT_NAME = CoffeeShop;
				SWIFT_VERSION = 5.0;
				VERSIONING_SYSTEM = "apple-generic";
			};
			name = Release;
		};
		83CBBA201A601CBA00E9B192 /* Debug */ = {
			isa = XCBuildConfiguration;
			buildSettings = {
				ALWAYS_SEARCH_USER_PATHS = NO;
				CLANG_ANALYZER_LOCALIZABILITY_NONLOCALIZED = YES;
				CLANG_CXX_LANGUAGE_STANDARD = "c++20";
				CLANG_CXX_LIBRARY = "libc++";
				CLANG_ENABLE_MODULES = YES;
				CLANG_ENABLE_OBJC_ARC = YES;
				CLANG_WARN_BLOCK_CAPTURE_AUTORELEASING = YES;
				CLANG_WARN_BOOL_CONVERSION = YES;
				CLANG_WARN_COMMA = YES;
				CLANG_WARN_CONSTANT_CONVERSION = YES;
				CLANG_WARN_DEPRECATED_OBJC_IMPLEMENTATIONS = YES;
				CLANG_WARN_DIRECT_OBJC_ISA_USAGE = YES_ERROR;
				CLANG_WARN_EMPTY_BODY = YES;
				CLANG_WARN_ENUM_CONVERSION = YES;
				CLANG_WARN_INFINITE_RECURSION = YES;
				CLANG_WARN_INT_CONVERSION = YES;
				CLANG_WARN_NON_LITERAL_NULL_CONVERSION = YES;
				CLANG_WARN_OBJC_IMPLICIT_RETAIN_SELF = YES;
				CLANG_WARN_OBJC_LITERAL_CONVERSION = YES;
				CLANG_WARN_OBJC_ROOT_CLASS = YES_ERROR;
				CLANG_WARN_QUOTED_INCLUDE_IN_FRAMEWORK_HEADER = YES;
				CLANG_WARN_RANGE_LOOP_ANALYSIS = YES;
				CLANG_WARN_STRICT_PROTOTYPES = YES;
				CLANG_WARN_SUSPICIOUS_MOVE = YES;
				CLANG_WARN_UNREACHABLE_CODE = YES;
				CLANG_WARN__DUPLICATE_METHOD_MATCH = YES;
				"CODE_SIGN_IDENTITY[sdk=iphoneos*]" = "iPhone Developer";
				COPY_PHASE_STRIP = NO;
				ENABLE_STRICT_OBJC_MSGSEND = YES;
				ENABLE_TESTABILITY = YES;
				"EXCLUDED_ARCHS[sdk=iphonesimulator*]" = "";
				GCC_C_LANGUAGE_STANDARD = gnu99;
				GCC_DYNAMIC_NO_PIC = NO;
				GCC_NO_COMMON_BLOCKS = YES;
				GCC_OPTIMIZATION_LEVEL = 0;
				GCC_PREPROCESSOR_DEFINITIONS = (
					"DEBUG=1",
					"$(inherited)",
				);
				GCC_SYMBOLS_PRIVATE_EXTERN = NO;
				GCC_WARN_64_TO_32_BIT_CONVERSION = YES;
				GCC_WARN_ABOUT_RETURN_TYPE = YES_ERROR;
				GCC_WARN_UNDECLARED_SELECTOR = YES;
				GCC_WARN_UNINITIALIZED_AUTOS = YES_AGGRESSIVE;
				GCC_WARN_UNUSED_FUNCTION = YES;
				GCC_WARN_UNUSED_VARIABLE = YES;
				IPHONEOS_DEPLOYMENT_TARGET = 13.4;
				LD_RUNPATH_SEARCH_PATHS = (
					/usr/lib/swift,
					"$(inherited)",
				);
				LIBRARY_SEARCH_PATHS = (
					"\"$(SDKROOT)/usr/lib/swift\"",
					"\"$(TOOLCHAIN_DIR)/usr/lib/swift/$(PLATFORM_NAME)\"",
					"\"$(inherited)\"",
				);
				MTL_ENABLE_DEBUG_INFO = YES;
				ONLY_ACTIVE_ARCH = YES;
				OTHER_CPLUSPLUSFLAGS = (
					"$(OTHER_CFLAGS)",
					"-DFOLLY_NO_CONFIG",
					"-DFOLLY_MOBILE=1",
					"-DFOLLY_USE_LIBCPP=1",
					"-DFOLLY_CFG_NO_COROUTINES=1",
					"-DFOLLY_HAVE_CLOCK_GETTIME=1",
				);
				SDKROOT = iphoneos;
			};
			name = Debug;
		};
		83CBBA211A601CBA00E9B192 /* Release */ = {
			isa = XCBuildConfiguration;
			buildSettings = {
				ALWAYS_SEARCH_USER_PATHS = NO;
				CLANG_ANALYZER_LOCALIZABILITY_NONLOCALIZED = YES;
				CLANG_CXX_LANGUAGE_STANDARD = "c++20";
				CLANG_CXX_LIBRARY = "libc++";
				CLANG_ENABLE_MODULES = YES;
				CLANG_ENABLE_OBJC_ARC = YES;
				CLANG_WARN_BLOCK_CAPTURE_AUTORELEASING = YES;
				CLANG_WARN_BOOL_CONVERSION = YES;
				CLANG_WARN_COMMA = YES;
				CLANG_WARN_CONSTANT_CONVERSION = YES;
				CLANG_WARN_DEPRECATED_OBJC_IMPLEMENTATIONS = YES;
				CLANG_WARN_DIRECT_OBJC_ISA_USAGE = YES_ERROR;
				CLANG_WARN_EMPTY_BODY = YES;
				CLANG_WARN_ENUM_CONVERSION = YES;
				CLANG_WARN_INFINITE_RECURSION = YES;
				CLANG_WARN_INT_CONVERSION = YES;
				CLANG_WARN_NON_LITERAL_NULL_CONVERSION = YES;
				CLANG_WARN_OBJC_IMPLICIT_RETAIN_SELF = YES;
				CLANG_WARN_OBJC_LITERAL_CONVERSION = YES;
				CLANG_WARN_OBJC_ROOT_CLASS = YES_ERROR;
				CLANG_WARN_QUOTED_INCLUDE_IN_FRAMEWORK_HEADER = YES;
				CLANG_WARN_RANGE_LOOP_ANALYSIS = YES;
				CLANG_WARN_STRICT_PROTOTYPES = YES;
				CLANG_WARN_SUSPICIOUS_MOVE = YES;
				CLANG_WARN_UNREACHABLE_CODE = YES;
				CLANG_WARN__DUPLICATE_METHOD_MATCH = YES;
				"CODE_SIGN_IDENTITY[sdk=iphoneos*]" = "iPhone Developer";
				COPY_PHASE_STRIP = YES;
				ENABLE_NS_ASSERTIONS = NO;
				ENABLE_STRICT_OBJC_MSGSEND = YES;
				"EXCLUDED_ARCHS[sdk=iphonesimulator*]" = "";
				GCC_C_LANGUAGE_STANDARD = gnu99;
				GCC_NO_COMMON_BLOCKS = YES;
				GCC_WARN_64_TO_32_BIT_CONVERSION = YES;
				GCC_WARN_ABOUT_RETURN_TYPE = YES_ERROR;
				GCC_WARN_UNDECLARED_SELECTOR = YES;
				GCC_WARN_UNINITIALIZED_AUTOS = YES_AGGRESSIVE;
				GCC_WARN_UNUSED_FUNCTION = YES;
				GCC_WARN_UNUSED_VARIABLE = YES;
				IPHONEOS_DEPLOYMENT_TARGET = 13.4;
				LD_RUNPATH_SEARCH_PATHS = (
					/usr/lib/swift,
					"$(inherited)",
				);
				LIBRARY_SEARCH_PATHS = (
					"\"$(SDKROOT)/usr/lib/swift\"",
					"\"$(TOOLCHAIN_DIR)/usr/lib/swift/$(PLATFORM_NAME)\"",
					"\"$(inherited)\"",
				);
				MTL_ENABLE_DEBUG_INFO = NO;
				OTHER_CPLUSPLUSFLAGS = (
					"$(OTHER_CFLAGS)",
					"-DFOLLY_NO_CONFIG",
					"-DFOLLY_MOBILE=1",
					"-DFOLLY_USE_LIBCPP=1",
					"-DFOLLY_CFG_NO_COROUTINES=1",
					"-DFOLLY_HAVE_CLOCK_GETTIME=1",
				);
				SDKROOT = iphoneos;
				VALIDATE_PRODUCT = YES;
			};
			name = Release;
		};
/* End XCBuildConfiguration section */

/* Begin XCConfigurationList section */
		00E357021AD99517003FC87E /* Build configuration list for PBXNativeTarget "CoffeeShopTests" */ = {
			isa = XCConfigurationList;
			buildConfigurations = (
				00E356F61AD99517003FC87E /* Debug */,
				00E356F71AD99517003FC87E /* Release */,
			);
			defaultConfigurationIsVisible = 0;
			defaultConfigurationName = Release;
		};
		13B07F931A680F5B00A75B9A /* Build configuration list for PBXNativeTarget "CoffeeShop" */ = {
			isa = XCConfigurationList;
			buildConfigurations = (
				13B07F941A680F5B00A75B9A /* Debug */,
				13B07F951A680F5B00A75B9A /* Release */,
			);
			defaultConfigurationIsVisible = 0;
			defaultConfigurationName = Release;
		};
		83CBB9FA1A601CBA00E9B192 /* Build configuration list for PBXProject "CoffeeShop" */ = {
			isa = XCConfigurationList;
			buildConfigurations = (
				83CBBA201A601CBA00E9B192 /* Debug */,
				83CBBA211A601CBA00E9B192 /* Release */,
			);
			defaultConfigurationIsVisible = 0;
			defaultConfigurationName = Release;
		};
/* End XCConfigurationList section */
	};
	rootObject = 83CBB9F71A601CBA00E9B192 /* Project object */;
}
